{
  "name": "local-runner",
  "version": "1.0.0",
  "lockfileVersion": 1,
  "requires": true,
  "dependencies": {
    "@bufbuild/protobuf": {
      "version": "1.10.0",
      "resolved": "https://registry.npmjs.org/@bufbuild/protobuf/-/protobuf-1.10.0.tgz",
      "integrity": "sha512-QDdVFLoN93Zjg36NoQPZfsVH9tZew7wKDKyV5qRdj8ntT4wQCOradQjRaTdwMhWUYsgKsvCINKKm87FdEk96Ag=="
    },
    "@connectrpc/connect": {
      "version": "1.7.0",
      "resolved": "https://registry.npmjs.org/@connectrpc/connect/-/connect-1.7.0.tgz",
      "integrity": "sha512-iNKdJRi69YP3mq6AePRT8F/HrxWCewrhxnLMNm0vpqXAR8biwzRtO6Hjx80C6UvtKJ5sFmffQT7I4Baecz389w=="
    },
    "@connectrpc/connect-node": {
      "version": "1.7.0",
      "resolved": "https://registry.npmjs.org/@connectrpc/connect-node/-/connect-node-1.7.0.tgz",
      "integrity": "sha512-6vaPIkG/NyhxlYgytLoR9KYbPhczEboFB2OYWkA9qvUz1K7efXfeGrlRxoLtpa+r8VxyIOw73w5ktNe743nD+A==",
      "requires": {
        "undici": "^5.28.4"
      }
    },
    "@connectrpc/connect-web": {
      "version": "1.7.0",
      "resolved": "https://registry.npmjs.org/@connectrpc/connect-web/-/connect-web-1.7.0.tgz",
      "integrity": "sha512-qyP0YOnUPRWwCc/VfsoydMJvkb7EyUPr2q9sHgBuJzbADjiqck1gKH5V5ZPzPhTLBvmz5UvG+wiZ5sMRQHU1MQ=="
    },
    "@cursor/sdk": {
      "version": "1.0.31",
      "resolved": "https://registry.npmjs.org/@cursor/sdk/-/sdk-1.0.31.tgz",
      "integrity": "sha512-0SdJQqp5oXn81oJqIVkLpgHih+CL6CAudK83pCsdJyA23AvInSWlMaGpLi+JlrK3efHoswiEhhASs9WpeEz3QQ==",
      "requires": {
        "@bufbuild/protobuf": "1.10.0",
        "@connectrpc/connect": "^1.6.1",
        "@connectrpc/connect-node": "^1.6.1",
        "@connectrpc/connect-web": "^1.6.1",
        "@cursor/sdk-darwin-arm64": "1.0.31",
        "@cursor/sdk-darwin-x64": "1.0.31",
        "@cursor/sdk-linux-arm64": "1.0.31",
        "@cursor/sdk-linux-x64": "1.0.31",
        "@cursor/sdk-win32-x64": "1.0.31",
        "@statsig/js-client": "3.31.0",
        "zod": "^3.25.0"
      },
      "dependencies": {
        "@cursor/sdk-darwin-arm64": {
          "version": "1.0.31",
          "resolved": "https://registry.npmjs.org/@cursor/sdk-darwin-arm64/-/sdk-darwin-arm64-1.0.31.tgz",
          "integrity": "sha512-i6INDIQhV7xDeFKfND0yr/SOwv4uJthPMfXXvNpZapO+IbJTx30aPzJVMBqdksvDHyn/cekJB/92Jkz+a5K8Ow==",
          "optional": true
        },
        "@cursor/sdk-linux-arm64": {
          "version": "1.0.31",
          "resolved": "https://registry.npmjs.org/@cursor/sdk-linux-arm64/-/sdk-linux-arm64-1.0.31.tgz",
          "integrity": "sha512-BHTwumfhWjTy0k41+KaaXfTm3MGu6WEYU76FmXqc/r1+ynuQroqfBKWyfH4XBcx3uzyaZJQLxNB9BBbs8yHUig==",
          "optional": true
        },
        "@cursor/sdk-linux-x64": {
          "version": "1.0.31",
          "resolved": "https://registry.npmjs.org/@cursor/sdk-linux-x64/-/sdk-linux-x64-1.0.31.tgz",
          "integrity": "sha512-y+ahiKQvEISUn9y6z75jwKjLQkrJ/nY7ehL1Vi9X8zdbjz14fiEtMTICAHccTiTq5cf6dZjXC5QfPdJRat6dhg==",
          "optional": true
        },
        "@cursor/sdk-win32-x64": {
          "version": "1.0.31",
          "resolved": "https://registry.npmjs.org/@cursor/sdk-win32-x64/-/sdk-win32-x64-1.0.31.tgz",
          "integrity": "sha512-5ti4AwUz8kh5ovM86K/fTiHmVGL6jk1faQkTCX08lcCxFSlUDwpeyhn90pWsbNFQ4Vy2PttqEjanV6895p13eA==",
          "optional": true
        }
      }
    },
    "@cursor/sdk-darwin-x64": {
      "version": "1.0.31",
      "resolved": "https://registry.npmjs.org/@cursor/sdk-darwin-x64/-/sdk-darwin-x64-1.0.31.tgz",
      "integrity": "sha512-vCmrGykwflJNAAr4RVY4UlZ+F0fmUF+WCR8zFzP4Jl1Da2b8Oh1rxrVLbIbleS1/LKsX/OPbTQNRL0SEER95Sg==",
      "optional": true
    },
    "@fastify/busboy": {
      "version": "2.1.1",
      "resolved": "https://registry.npmjs.org/@fastify/busboy/-/busboy-2.1.1.tgz",
      "integrity": "sha512-vBZP4NlzfOlerQTnba4aqZoMhE/a9HY7HRqoOPaETQcSQuWEIyZMHGfVu6w9wGtGK5fED5qRs2DteVCjOH60sA=="
    },
    "@statsig/client-core": {
      "version": "3.31.0",
      "resolved": "https://registry.npmjs.org/@statsig/client-core/-/client-core-3.31.0.tgz",
      "integrity": "sha512-SuxQD6TmVszPG7FoMKwTk/uyBuVFk7XnxI3T/E0uyb7PL7GNjONtfsoh+NqBBVUJVse0CUeSFfgJPoZy1ZOslQ=="
    },
    "@statsig/js-client": {
      "version": "3.31.0",
      "resolved": "https://registry.npmjs.org/@statsig/js-client/-/js-client-3.31.0.tgz",
      "integrity": "sha512-LFa5E0LjT6sTfZv3sNGoyRLSZ1078+agdgOA+Vm1ecjG+KbSOfBLTW7hMwimrJ29slRwbYDzbtKaPJo/R37N2g==",
      "requires": {
        "@statsig/client-core": "3.31.0"
      }
    },
    "undici": {
      "version": "5.29.0",
      "resolved": "https://registry.npmjs.org/undici/-/undici-5.29.0.tgz",
      "integrity": "sha512-raqeBD6NQK4SkWhQzeYKd1KmIG6dllBOTt55Rmkt4HtI9mwdWtJljnrXjAFUBLTSN67HWrOIZ3EPF4kjUw80Bg==",
      "requires": {
        "@fastify/busboy": "^2.0.0"
      }
    },
    "zod": {
      "version": "3.25.76",
      "resolved": "https://registry.npmjs.org/zod/-/zod-3.25.76.tgz",
      "integrity": "sha512-gzUt/qt81nXsFGKIFcC3YnfEAx5NkunCfnDlvuBSSFS02bcXu4Lmea0AFIUwbLWxWPx3d9p8S5QoaujKcNQxcQ=="
    }
  }
}
